
Microsoft Visual Studio Solution File, Format Version 12.00
# Visual Studio Version 17
VisualStudioVersion = 17.0.31903.59
MinimumVisualStudioVersion = 10.0.40219.1
Project("{FAE04EC0-301F-11D3-BF4B-00C04F79EFBC}") = "Jellyfin.Plugin.JellyboxRemote", "Jellyfin.Plugin.JellyboxRemote\Jellyfin.Plugin.JellyboxRemote.csproj", "{6B499119-8A86-485F-8652-CBCAA9EEBF48}"
EndProject
Project("{2150E333-8FDC-42A3-9474-1A3956D46DE8}") = "tests", "tests", "{0AB3BF05-4346-4AA6-1389-037BE0695223}"
EndProject
Project("{FAE04EC0-301F-11D3-BF4B-00C04F79EFBC}") = "Jellyfin.Plugin.JellyboxRemote.Tests", "tests\Jellyfin.Plugin.JellyboxRemote.Tests\Jellyfin.Plugin.JellyboxRemote.Tests.csproj", "{AB2BF0D1-C28E-48B7-8905-79E623C30864}"
EndProject
Global
	GlobalSection(SolutionConfigurationPlatforms) = preSolution
		Debug|Any CPU = Debug|Any CPU
		Debug|x64 = Debug|x64
		Debug|x86 = Debug|x86
		Release|Any CPU = Release|Any CPU
		Release|x64 = Release|x64
		Release|x86 = Release|x86
	EndGlobalSection
	GlobalSection(ProjectConfigurationPlatforms) = postSolution
		{6B499119-8A86-485F-8652-CBCAA9EEBF48}.Debug|Any CPU.ActiveCfg = Debug|Any CPU
		{6B499119-8A86-485F-8652-CBCAA9EEBF48}.Debug|Any CPU.Build.0 = Debug|Any CPU
		{6B499119-8A86-485F-8652-CBCAA9EEBF48}.Debug|x64.ActiveCfg = Debug|Any CPU
		{6B499119-8A86-485F-8652-CBCAA9EEBF48}.Debug|x64.Build.0 = Debug|Any CPU
		{6B499119-8A86-485F-8652-CBCAA9EEBF48}.Debug|x86.ActiveCfg = Debug|Any CPU
		{6B499119-8A86-485F-8652-CBCAA9EEBF48}.Debug|x86.Build.0 = Debug|Any CPU
		{6B499119-8A86-485F-8652-CBCAA9EEBF48}.Release|Any CPU.ActiveCfg = Release|Any CPU
		{6B499119-8A86-485F-8652-CBCAA9EEBF48}.Release|Any CPU.Build.0 = Release|Any CPU
		{6B499119-8A86-485F-8652-CBCAA9EEBF48}.Release|x64.ActiveCfg = Release|Any CPU
		{6B499119-8A86-485F-8652-CBCAA9EEBF48}.Release|x64.Build.0 = Release|Any CPU
		{6B499119-8A86-485F-8652-CBCAA9EEBF48}.Release|x86.ActiveCfg = Release|Any CPU
		{6B499119-8A86-485F-8652-CBCAA9EEBF48}.Release|x86.Build.0 = Release|Any CPU
		{AB2BF0D1-C28E-48B7-8905-79E623C30864}.Debug|Any CPU.ActiveCfg = Debug|Any CPU
		{AB2BF0D1-C28E-48B7-8905-79E623C30864}.Debug|Any CPU.Build.0 = Debug|Any CPU
		{AB2BF0D1-C28E-48B7-8905-79E623C30864}.Debug|x64.ActiveCfg = Debug|Any CPU
		{AB2BF0D1-C28E-48B7-8905-79E623C30864}.Debug|x64.Build.0 = Debug|Any CPU
		{AB2BF0D1-C28E-48B7-8905-79E623C30864}.Debug|x86.ActiveCfg = Debug|Any CPU
		{AB2BF0D1-C28E-48B7-8905-79E623C30864}.Debug|x86.Build.0 = Debug|Any CPU
		{AB2BF0D1-C28E-48B7-8905-79E623C30864}.Release|Any CPU.ActiveCfg = Release|Any CPU
		{AB2BF0D1-C28E-48B7-8905-79E623C30864}.Release|Any CPU.Build.0 = Release|Any CPU
		{AB2BF0D1-C28E-48B7-8905-79E623C30864}.Release|x64.ActiveCfg = Release|Any CPU
		{AB2BF0D1-C28E-48B7-8905-79E623C30864}.Release|x64.Build.0 = Release|Any CPU
		{AB2BF0D1-C28E-48B7-8905-79E623C30864}.Release|x86.ActiveCfg = Release|Any CPU
		{AB2BF0D1-C28E-48B7-8905-79E623C30864}.Release|x86.Build.0 = Release|Any CPU
	EndGlobalSection
	GlobalSection(SolutionProperties) = preSolution
		HideSolutionNode = FALSE
	EndGlobalSection
	GlobalSection(NestedProjects) = preSolution
		{AB2BF0D1-C28E-48B7-8905-79E623C30864} = {0AB3BF05-4346-4AA6-1389-037BE0695223}
	EndGlobalSection
EndGlobal
